
Microsoft Visual Studio Solution File, Format Version 12.00
# Visual Studio 2013
VisualStudioVersion = 12.0.31101.0
MinimumVisualStudioVersion = 10.0.40219.1
Project("{FAE04EC0-301F-11D3-BF4B-00C04F79EFBC}") = "BitFour.LojaVirtual.Dominio", "BitFour.LojaVirtual.Dominio\BitFour.LojaVirtual.Dominio.csproj", "{0929AC46-DF0C-4574-ABBD-A9FAC9C0CDEA}"
EndProject
Project("{FAE04EC0-301F-11D3-BF4B-00C04F79EFBC}") = "BitFour.LojaVirtual.Web", "BitFour.LojaVirtual.Web\BitFour.LojaVirtual.Web.csproj", "{D3D09041-F57A-42C1-8AF3-FA7D7AA98291}"
EndProject
Project("{FAE04EC0-301F-11D3-BF4B-00C04F79EFBC}") = "BitFour.LojaVirtual.UnitTest", "BitFour.LojaVirtual.UnitTest\BitFour.LojaVirtual.UnitTest.csproj", "{123D1742-D2B4-45B7-9B55-3F7963300955}"
EndProject
Project("{2150E333-8FDC-42A3-9474-1A3956D46DE8}") = ".nuget", ".nuget", "{B5D73F05-CD87-4084-8A48-546C984661EC}"
	ProjectSection(SolutionItems) = preProject
		.nuget\packages.config = .nuget\packages.config
	EndProjectSection
EndProject
Global
	GlobalSection(SolutionConfigurationPlatforms) = preSolution
		Debug|Any CPU = Debug|Any CPU
		Release|Any CPU = Release|Any CPU
	EndGlobalSection
	GlobalSection(ProjectConfigurationPlatforms) = postSolution
		{0929AC46-DF0C-4574-ABBD-A9FAC9C0CDEA}.Debug|Any CPU.ActiveCfg = Debug|Any CPU
		{0929AC46-DF0C-4574-ABBD-A9FAC9C0CDEA}.Debug|Any CPU.Build.0 = Debug|Any CPU
		{0929AC46-DF0C-4574-ABBD-A9FAC9C0CDEA}.Release|Any CPU.ActiveCfg = Release|Any CPU
		{0929AC46-DF0C-4574-ABBD-A9FAC9C0CDEA}.Release|Any CPU.Build.0 = Release|Any CPU
		{D3D09041-F57A-42C1-8AF3-FA7D7AA98291}.Debug|Any CPU.ActiveCfg = Debug|Any CPU
		{D3D09041-F57A-42C1-8AF3-FA7D7AA98291}.Debug|Any CPU.Build.0 = Debug|Any CPU
		{D3D09041-F57A-42C1-8AF3-FA7D7AA98291}.Release|Any CPU.ActiveCfg = Release|Any CPU
		{D3D09041-F57A-42C1-8AF3-FA7D7AA98291}.Release|Any CPU.Build.0 = Release|Any CPU
		{123D1742-D2B4-45B7-9B55-3F7963300955}.Debug|Any CPU.ActiveCfg = Debug|Any CPU
		{123D1742-D2B4-45B7-9B55-3F7963300955}.Debug|Any CPU.Build.0 = Debug|Any CPU
		{123D1742-D2B4-45B7-9B55-3F7963300955}.Release|Any CPU.ActiveCfg = Release|Any CPU
		{123D1742-D2B4-45B7-9B55-3F7963300955}.Release|Any CPU.Build.0 = Release|Any CPU
	EndGlobalSection
	GlobalSection(SolutionProperties) = preSolution
		HideSolutionNode = FALSE
	EndGlobalSection
EndGlobal
